
Microsoft Visual Studio Solution File, Format Version 12.00
# Visual Studio Version 17
VisualStudioVersion = 17.0.31903.59
MinimumVisualStudioVersion = 10.0.40219.1
Project("{2150E333-8FDC-42A3-9474-1A3956D46DE8}") = "src", "src", "{FB76A0A8-640B-48BE-9A41-B5B895A589BA}"
EndProject
Project("{FAE04EC0-301F-11D3-BF4B-00C04F79EFBC}") = "UrDatabase.App", "src\UrDatabase.App\UrDatabase.App.csproj", "{36BBD178-DC4D-460B-BA5F-9E8EECA8BE2D}"
EndProject
Project("{2150E333-8FDC-42A3-9474-1A3956D46DE8}") = "tests", "tests", "{0E08FB80-42D1-43BD-AFF6-B9D14EFB954E}"
EndProject
Project("{FAE04EC0-301F-11D3-BF4B-00C04F79EFBC}") = "UrDatabase.Tests", "tests\UrDatabase.Tests\UrDatabase.Tests.csproj", "{45D36A7F-0B4A-4AD1-B0A4-4A6CB5DC84CF}"
EndProject
Global
	GlobalSection(SolutionConfigurationPlatforms) = preSolution
		Debug|Any CPU = Debug|Any CPU
		Release|Any CPU = Release|Any CPU
	EndGlobalSection
	GlobalSection(SolutionProperties) = preSolution
		HideSolutionNode = FALSE
	EndGlobalSection
	GlobalSection(ProjectConfigurationPlatforms) = postSolution
		{36BBD178-DC4D-460B-BA5F-9E8EECA8BE2D}.Debug|Any CPU.ActiveCfg = Debug|Any CPU
		{36BBD178-DC4D-460B-BA5F-9E8EECA8BE2D}.Debug|Any CPU.Build.0 = Debug|Any CPU
		{36BBD178-DC4D-460B-BA5F-9E8EECA8BE2D}.Release|Any CPU.ActiveCfg = Release|Any CPU
		{36BBD178-DC4D-460B-BA5F-9E8EECA8BE2D}.Release|Any CPU.Build.0 = Release|Any CPU
		{45D36A7F-0B4A-4AD1-B0A4-4A6CB5DC84CF}.Debug|Any CPU.ActiveCfg = Debug|Any CPU
		{45D36A7F-0B4A-4AD1-B0A4-4A6CB5DC84CF}.Debug|Any CPU.Build.0 = Debug|Any CPU
		{45D36A7F-0B4A-4AD1-B0A4-4A6CB5DC84CF}.Release|Any CPU.ActiveCfg = Release|Any CPU
		{45D36A7F-0B4A-4AD1-B0A4-4A6CB5DC84CF}.Release|Any CPU.Build.0 = Release|Any CPU
	EndGlobalSection
	GlobalSection(NestedProjects) = preSolution
		{36BBD178-DC4D-460B-BA5F-9E8EECA8BE2D} = {FB76A0A8-640B-48BE-9A41-B5B895A589BA}
		{45D36A7F-0B4A-4AD1-B0A4-4A6CB5DC84CF} = {0E08FB80-42D1-43BD-AFF6-B9D14EFB954E}
	EndGlobalSection
EndGlobal
